
Microsoft Visual Studio Solution File, Format Version 12.00
# Visual Studio 2012
Project("{8BC9CEB8-8B4A-11D0-8D11-00A0C91BC942}") = "边长为奇数的幻方", "边长为奇数的幻方\边长为奇数的幻方.vcxproj", "{4EA5CBF3-982F-4F76-B8AA-6BC3CCE6F8F6}"
EndProject
Global
	GlobalSection(SolutionConfigurationPlatforms) = preSolution
		Debug|Win32 = Debug|Win32
		Release|Win32 = Release|Win32
	EndGlobalSection
	GlobalSection(ProjectConfigurationPlatforms) = postSolution
		{4EA5CBF3-982F-4F76-B8AA-6BC3CCE6F8F6}.Debug|Win32.ActiveCfg = Debug|Win32
		{4EA5CBF3-982F-4F76-B8AA-6BC3CCE6F8F6}.Debug|Win32.Build.0 = Debug|Win32
		{4EA5CBF3-982F-4F76-B8AA-6BC3CCE6F8F6}.Release|Win32.ActiveCfg = Release|Win32
		{4EA5CBF3-982F-4F76-B8AA-6BC3CCE6F8F6}.Release|Win32.Build.0 = Release|Win32
	EndGlobalSection
	GlobalSection(SolutionProperties) = preSolution
		HideSolutionNode = FALSE
	EndGlobalSection
EndGlobal
