
Microsoft Visual Studio Solution File, Format Version 12.00
# Visual Studio 2012
Project("{888888A0-9F3D-457C-B088-3A5042F75D52}") = "获取Excel", "获取Excel\获取Excel.pyproj", "{58D9EF25-003F-4B00-972D-317A99F7F141}"
EndProject
Global
	GlobalSection(SolutionConfigurationPlatforms) = preSolution
		Debug|Any CPU = Debug|Any CPU
		Release|Any CPU = Release|Any CPU
	EndGlobalSection
	GlobalSection(ProjectConfigurationPlatforms) = postSolution
		{58D9EF25-003F-4B00-972D-317A99F7F141}.Debug|Any CPU.ActiveCfg = Debug|Any CPU
		{58D9EF25-003F-4B00-972D-317A99F7F141}.Release|Any CPU.ActiveCfg = Release|Any CPU
	EndGlobalSection
	GlobalSection(SolutionProperties) = preSolution
		HideSolutionNode = FALSE
	EndGlobalSection
EndGlobal
